PODS:
  - Flutter (1.0.0)
  - flutter_jail_monkey (0.0.1):
    - Flutter

DEPENDENCIES:
  - Flutter (from `Pods/.symlinks/flutter/ios`)
  - flutter_jail_monkey (from `Pods/.symlinks/plugins/flutter_jail_monkey/ios`)

EXTERNAL SOURCES:
  Flutter:
    :path: Pods/.symlinks/flutter/ios
  flutter_jail_monkey:
    :path: Pods/.symlinks/plugins/flutter_jail_monkey/ios

SPEC CHECKSUMS:
  Flutter: 9d0fac939486c9aba2809b7982dfdbb47a7b0296
  flutter_jail_monkey: 17a9088481b2bc56979c9819f06bb9be21cc702b

PODFILE CHECKSUM: 0420ab312a523ae0eecfb1fc19ea51dd82cc17c7

COCOAPODS: 1.5.2
